
Microsoft Visual Studio Solution File, Format Version 12.00
# Visual Studio Version 16
VisualStudioVersion = 16.0.29418.71
MinimumVisualStudioVersion = 10.0.40219.1
Project("{9A19103F-16F7-4668-BE54-9A1E7A4F7556}") = "RazorPages", "RazorPages.csproj", "{A5924B73-6D35-4E1B-BCE7-8F0592629D9E}"
EndProject
Project("{FAE04EC0-301F-11D3-BF4B-00C04F79EFBC}") = "RazorPages.Model", "..\RazorPages.Model\RazorPages.Model.csproj", "{4AF9BAB1-3CA7-49B4-8C18-61F311C63B46}"
EndProject
Project("{FAE04EC0-301F-11D3-BF4B-00C04F79EFBC}") = "RazorPages.Services", "..\RazorPages.Services\RazorPages.Services.csproj", "{8686B2C3-A16C-4C8E-9C60-35653CFD5F4F}"
EndProject
Global
	GlobalSection(SolutionConfigurationPlatforms) = preSolution
		Debug|Any CPU = Debug|Any CPU
		Release|Any CPU = Release|Any CPU
	EndGlobalSection
	GlobalSection(ProjectConfigurationPlatforms) = postSolution
		{A5924B73-6D35-4E1B-BCE7-8F0592629D9E}.Debug|Any CPU.ActiveCfg = Debug|Any CPU
		{A5924B73-6D35-4E1B-BCE7-8F0592629D9E}.Debug|Any CPU.Build.0 = Debug|Any CPU
		{A5924B73-6D35-4E1B-BCE7-8F0592629D9E}.Release|Any CPU.ActiveCfg = Release|Any CPU
		{A5924B73-6D35-4E1B-BCE7-8F0592629D9E}.Release|Any CPU.Build.0 = Release|Any CPU
		{4AF9BAB1-3CA7-49B4-8C18-61F311C63B46}.Debug|Any CPU.ActiveCfg = Debug|Any CPU
		{4AF9BAB1-3CA7-49B4-8C18-61F311C63B46}.Debug|Any CPU.Build.0 = Debug|Any CPU
		{4AF9BAB1-3CA7-49B4-8C18-61F311C63B46}.Release|Any CPU.ActiveCfg = Release|Any CPU
		{4AF9BAB1-3CA7-49B4-8C18-61F311C63B46}.Release|Any CPU.Build.0 = Release|Any CPU
		{8686B2C3-A16C-4C8E-9C60-35653CFD5F4F}.Debug|Any CPU.ActiveCfg = Debug|Any CPU
		{8686B2C3-A16C-4C8E-9C60-35653CFD5F4F}.Debug|Any CPU.Build.0 = Debug|Any CPU
		{8686B2C3-A16C-4C8E-9C60-35653CFD5F4F}.Release|Any CPU.ActiveCfg = Release|Any CPU
		{8686B2C3-A16C-4C8E-9C60-35653CFD5F4F}.Release|Any CPU.Build.0 = Release|Any CPU
	EndGlobalSection
	GlobalSection(SolutionProperties) = preSolution
		HideSolutionNode = FALSE
	EndGlobalSection
	GlobalSection(ExtensibilityGlobals) = postSolution
		SolutionGuid = {18CD26FA-BA97-4014-80F9-997BB257EA10}
	EndGlobalSection
EndGlobal
